
Microsoft Visual Studio Solution File, Format Version 12.00
# Visual Studio 15
VisualStudioVersion = 15.0.28307.572
MinimumVisualStudioVersion = 10.0.40219.1
Project("{FAE04EC0-301F-11D3-BF4B-00C04F79EFBC}") = "Zarodkowanie", "Zarodkowanie\Zarodkowanie.csproj", "{736ED5DB-ECC3-4156-9D5B-29B201F56422}"
EndProject
Global
	GlobalSection(SolutionConfigurationPlatforms) = preSolution
		Debug|Any CPU = Debug|Any CPU
		Release|Any CPU = Release|Any CPU
	EndGlobalSection
	GlobalSection(ProjectConfigurationPlatforms) = postSolution
		{736ED5DB-ECC3-4156-9D5B-29B201F56422}.Debug|Any CPU.ActiveCfg = Debug|Any CPU
		{736ED5DB-ECC3-4156-9D5B-29B201F56422}.Debug|Any CPU.Build.0 = Debug|Any CPU
		{736ED5DB-ECC3-4156-9D5B-29B201F56422}.Release|Any CPU.ActiveCfg = Release|Any CPU
		{736ED5DB-ECC3-4156-9D5B-29B201F56422}.Release|Any CPU.Build.0 = Release|Any CPU
	EndGlobalSection
	GlobalSection(SolutionProperties) = preSolution
		HideSolutionNode = FALSE
	EndGlobalSection
	GlobalSection(ExtensibilityGlobals) = postSolution
		SolutionGuid = {369C877A-364E-43A7-902D-5694775C7AA0}
	EndGlobalSection
EndGlobal
